
Microsoft Visual Studio Solution File, Format Version 12.00
# Visual Studio Version 17
VisualStudioVersion = 17.10.35027.167
MinimumVisualStudioVersion = 10.0.40219.1
Project("{9A19103F-16F7-4668-BE54-9A1E7A4F7556}") = "WIndShellExperienceHost", "WIndShellExperienceHost\WIndShellExperienceHost.csproj", "{4C8A2142-EF43-49D7-ADDE-02B1B66EF4A8}"
EndProject
Project("{9A19103F-16F7-4668-BE54-9A1E7A4F7556}") = "l_winapi", "l_winapi\l_winapi.csproj", "{735EFD6C-6E77-4D9F-9DAA-AC586FD2FA3A}"
EndProject
Project("{8BC9CEB8-8B4A-11D0-8D11-00A0C91BC942}") = "c_win_module", "c_win_module\c_win_module.vcxproj", "{6A8321F6-CBC3-426C-9EA1-9C8D5B68045F}"
EndProject
Project("{9A19103F-16F7-4668-BE54-9A1E7A4F7556}") = "JsonConverterData", "JsonConverterData\JsonConverterData.csproj", "{FAEB7814-048F-455B-A2C0-5EDCDE61A676}"
EndProject
Project("{2150E333-8FDC-42A3-9474-1A3956D46DE8}") = "Debug Applications", "Debug Applications", "{A3CEDF35-5D0C-4EF9-BB87-063898E9D6A8}"
EndProject
Project("{8BC9CEB8-8B4A-11D0-8D11-00A0C91BC942}") = "Clipboard", "Clipboard\Clipboard.vcxproj", "{A2C2A6BE-73BC-4991-A24C-B1EE37EF1F7C}"
EndProject
Project("{8BC9CEB8-8B4A-11D0-8D11-00A0C91BC942}") = "Registry", "Registry\Registry.vcxproj", "{F3192265-C280-4358-A327-B5E937C10915}"
EndProject
Global
	GlobalSection(SolutionConfigurationPlatforms) = preSolution
		Debug|Any CPU = Debug|Any CPU
		Debug|x64 = Debug|x64
		Debug|x86 = Debug|x86
		Release|Any CPU = Release|Any CPU
		Release|x64 = Release|x64
		Release|x86 = Release|x86
	EndGlobalSection
	GlobalSection(ProjectConfigurationPlatforms) = postSolution
		{4C8A2142-EF43-49D7-ADDE-02B1B66EF4A8}.Debug|Any CPU.ActiveCfg = Debug|Any CPU
		{4C8A2142-EF43-49D7-ADDE-02B1B66EF4A8}.Debug|Any CPU.Build.0 = Debug|Any CPU
		{4C8A2142-EF43-49D7-ADDE-02B1B66EF4A8}.Debug|x64.ActiveCfg = Debug|Any CPU
		{4C8A2142-EF43-49D7-ADDE-02B1B66EF4A8}.Debug|x64.Build.0 = Debug|Any CPU
		{4C8A2142-EF43-49D7-ADDE-02B1B66EF4A8}.Debug|x86.ActiveCfg = Debug|Any CPU
		{4C8A2142-EF43-49D7-ADDE-02B1B66EF4A8}.Debug|x86.Build.0 = Debug|Any CPU
		{4C8A2142-EF43-49D7-ADDE-02B1B66EF4A8}.Release|Any CPU.ActiveCfg = Release|Any CPU
		{4C8A2142-EF43-49D7-ADDE-02B1B66EF4A8}.Release|Any CPU.Build.0 = Release|Any CPU
		{4C8A2142-EF43-49D7-ADDE-02B1B66EF4A8}.Release|x64.ActiveCfg = Release|Any CPU
		{4C8A2142-EF43-49D7-ADDE-02B1B66EF4A8}.Release|x64.Build.0 = Release|Any CPU
		{4C8A2142-EF43-49D7-ADDE-02B1B66EF4A8}.Release|x86.ActiveCfg = Release|Any CPU
		{4C8A2142-EF43-49D7-ADDE-02B1B66EF4A8}.Release|x86.Build.0 = Release|Any CPU
		{735EFD6C-6E77-4D9F-9DAA-AC586FD2FA3A}.Debug|Any CPU.ActiveCfg = Debug|Any CPU
		{735EFD6C-6E77-4D9F-9DAA-AC586FD2FA3A}.Debug|Any CPU.Build.0 = Debug|Any CPU
		{735EFD6C-6E77-4D9F-9DAA-AC586FD2FA3A}.Debug|x64.ActiveCfg = Debug|Any CPU
		{735EFD6C-6E77-4D9F-9DAA-AC586FD2FA3A}.Debug|x64.Build.0 = Debug|Any CPU
		{735EFD6C-6E77-4D9F-9DAA-AC586FD2FA3A}.Debug|x86.ActiveCfg = Debug|Any CPU
		{735EFD6C-6E77-4D9F-9DAA-AC586FD2FA3A}.Debug|x86.Build.0 = Debug|Any CPU
		{735EFD6C-6E77-4D9F-9DAA-AC586FD2FA3A}.Release|Any CPU.ActiveCfg = Release|Any CPU
		{735EFD6C-6E77-4D9F-9DAA-AC586FD2FA3A}.Release|Any CPU.Build.0 = Release|Any CPU
		{735EFD6C-6E77-4D9F-9DAA-AC586FD2FA3A}.Release|x64.ActiveCfg = Release|Any CPU
		{735EFD6C-6E77-4D9F-9DAA-AC586FD2FA3A}.Release|x64.Build.0 = Release|Any CPU
		{735EFD6C-6E77-4D9F-9DAA-AC586FD2FA3A}.Release|x86.ActiveCfg = Release|Any CPU
		{735EFD6C-6E77-4D9F-9DAA-AC586FD2FA3A}.Release|x86.Build.0 = Release|Any CPU
		{6A8321F6-CBC3-426C-9EA1-9C8D5B68045F}.Debug|Any CPU.ActiveCfg = Release|x64
		{6A8321F6-CBC3-426C-9EA1-9C8D5B68045F}.Debug|Any CPU.Build.0 = Release|x64
		{6A8321F6-CBC3-426C-9EA1-9C8D5B68045F}.Debug|x64.ActiveCfg = Debug|x64
		{6A8321F6-CBC3-426C-9EA1-9C8D5B68045F}.Debug|x64.Build.0 = Debug|x64
		{6A8321F6-CBC3-426C-9EA1-9C8D5B68045F}.Debug|x86.ActiveCfg = Debug|Win32
		{6A8321F6-CBC3-426C-9EA1-9C8D5B68045F}.Debug|x86.Build.0 = Debug|Win32
		{6A8321F6-CBC3-426C-9EA1-9C8D5B68045F}.Release|Any CPU.ActiveCfg = Release|x64
		{6A8321F6-CBC3-426C-9EA1-9C8D5B68045F}.Release|Any CPU.Build.0 = Release|x64
		{6A8321F6-CBC3-426C-9EA1-9C8D5B68045F}.Release|x64.ActiveCfg = Release|x64
		{6A8321F6-CBC3-426C-9EA1-9C8D5B68045F}.Release|x64.Build.0 = Release|x64
		{6A8321F6-CBC3-426C-9EA1-9C8D5B68045F}.Release|x86.ActiveCfg = Release|Win32
		{6A8321F6-CBC3-426C-9EA1-9C8D5B68045F}.Release|x86.Build.0 = Release|Win32
		{FAEB7814-048F-455B-A2C0-5EDCDE61A676}.Debug|Any CPU.ActiveCfg = Debug|Any CPU
		{FAEB7814-048F-455B-A2C0-5EDCDE61A676}.Debug|Any CPU.Build.0 = Debug|Any CPU
		{FAEB7814-048F-455B-A2C0-5EDCDE61A676}.Debug|x64.ActiveCfg = Debug|Any CPU
		{FAEB7814-048F-455B-A2C0-5EDCDE61A676}.Debug|x64.Build.0 = Debug|Any CPU
		{FAEB7814-048F-455B-A2C0-5EDCDE61A676}.Debug|x86.ActiveCfg = Debug|Any CPU
		{FAEB7814-048F-455B-A2C0-5EDCDE61A676}.Debug|x86.Build.0 = Debug|Any CPU
		{FAEB7814-048F-455B-A2C0-5EDCDE61A676}.Release|Any CPU.ActiveCfg = Release|Any CPU
		{FAEB7814-048F-455B-A2C0-5EDCDE61A676}.Release|Any CPU.Build.0 = Release|Any CPU
		{FAEB7814-048F-455B-A2C0-5EDCDE61A676}.Release|x64.ActiveCfg = Release|Any CPU
		{FAEB7814-048F-455B-A2C0-5EDCDE61A676}.Release|x64.Build.0 = Release|Any CPU
		{FAEB7814-048F-455B-A2C0-5EDCDE61A676}.Release|x86.ActiveCfg = Release|Any CPU
		{FAEB7814-048F-455B-A2C0-5EDCDE61A676}.Release|x86.Build.0 = Release|Any CPU
		{A2C2A6BE-73BC-4991-A24C-B1EE37EF1F7C}.Debug|Any CPU.ActiveCfg = Debug|x64
		{A2C2A6BE-73BC-4991-A24C-B1EE37EF1F7C}.Debug|Any CPU.Build.0 = Debug|x64
		{A2C2A6BE-73BC-4991-A24C-B1EE37EF1F7C}.Debug|x64.ActiveCfg = Debug|x64
		{A2C2A6BE-73BC-4991-A24C-B1EE37EF1F7C}.Debug|x64.Build.0 = Debug|x64
		{A2C2A6BE-73BC-4991-A24C-B1EE37EF1F7C}.Debug|x86.ActiveCfg = Debug|Win32
		{A2C2A6BE-73BC-4991-A24C-B1EE37EF1F7C}.Debug|x86.Build.0 = Debug|Win32
		{A2C2A6BE-73BC-4991-A24C-B1EE37EF1F7C}.Release|Any CPU.ActiveCfg = Release|x64
		{A2C2A6BE-73BC-4991-A24C-B1EE37EF1F7C}.Release|Any CPU.Build.0 = Release|x64
		{A2C2A6BE-73BC-4991-A24C-B1EE37EF1F7C}.Release|x64.ActiveCfg = Release|x64
		{A2C2A6BE-73BC-4991-A24C-B1EE37EF1F7C}.Release|x64.Build.0 = Release|x64
		{A2C2A6BE-73BC-4991-A24C-B1EE37EF1F7C}.Release|x86.ActiveCfg = Release|Win32
		{A2C2A6BE-73BC-4991-A24C-B1EE37EF1F7C}.Release|x86.Build.0 = Release|Win32
		{F3192265-C280-4358-A327-B5E937C10915}.Debug|Any CPU.ActiveCfg = Debug|x64
		{F3192265-C280-4358-A327-B5E937C10915}.Debug|Any CPU.Build.0 = Debug|x64
		{F3192265-C280-4358-A327-B5E937C10915}.Debug|x64.ActiveCfg = Debug|x64
		{F3192265-C280-4358-A327-B5E937C10915}.Debug|x64.Build.0 = Debug|x64
		{F3192265-C280-4358-A327-B5E937C10915}.Debug|x86.ActiveCfg = Debug|Win32
		{F3192265-C280-4358-A327-B5E937C10915}.Debug|x86.Build.0 = Debug|Win32
		{F3192265-C280-4358-A327-B5E937C10915}.Release|Any CPU.ActiveCfg = Release|x64
		{F3192265-C280-4358-A327-B5E937C10915}.Release|Any CPU.Build.0 = Release|x64
		{F3192265-C280-4358-A327-B5E937C10915}.Release|x64.ActiveCfg = Release|x64
		{F3192265-C280-4358-A327-B5E937C10915}.Release|x64.Build.0 = Release|x64
		{F3192265-C280-4358-A327-B5E937C10915}.Release|x86.ActiveCfg = Release|Win32
		{F3192265-C280-4358-A327-B5E937C10915}.Release|x86.Build.0 = Release|Win32
	EndGlobalSection
	GlobalSection(SolutionProperties) = preSolution
		HideSolutionNode = FALSE
	EndGlobalSection
	GlobalSection(NestedProjects) = preSolution
		{FAEB7814-048F-455B-A2C0-5EDCDE61A676} = {A3CEDF35-5D0C-4EF9-BB87-063898E9D6A8}
		{A2C2A6BE-73BC-4991-A24C-B1EE37EF1F7C} = {A3CEDF35-5D0C-4EF9-BB87-063898E9D6A8}
		{F3192265-C280-4358-A327-B5E937C10915} = {A3CEDF35-5D0C-4EF9-BB87-063898E9D6A8}
	EndGlobalSection
	GlobalSection(ExtensibilityGlobals) = postSolution
		SolutionGuid = {F6E93899-D583-4A41-9EF5-A6C4A531B96D}
	EndGlobalSection
EndGlobal
